
Microsoft Visual Studio Solution File, Format Version 12.00
# Visual Studio Version 16
VisualStudioVersion = 16.0.31129.286
MinimumVisualStudioVersion = 10.0.40219.1
Project("{8BC9CEB8-8B4A-11D0-8D11-00A0C91BC942}") = "HauntedHarbour", "HauntedHarbour\HauntedHarbour.vcxproj", "{86FA9FEA-308A-4DA8-8A3E-A76BF85947B8}"
EndProject
Global
	GlobalSection(SolutionConfigurationPlatforms) = preSolution
		Debug|x64 = Debug|x64
		Debug|x86 = Debug|x86
		Release|x64 = Release|x64
		Release|x86 = Release|x86
	EndGlobalSection
	GlobalSection(ProjectConfigurationPlatforms) = postSolution
		{86FA9FEA-308A-4DA8-8A3E-A76BF85947B8}.Debug|x64.ActiveCfg = Debug|x64
		{86FA9FEA-308A-4DA8-8A3E-A76BF85947B8}.Debug|x64.Build.0 = Debug|x64
		{86FA9FEA-308A-4DA8-8A3E-A76BF85947B8}.Debug|x86.ActiveCfg = Debug|Win32
		{86FA9FEA-308A-4DA8-8A3E-A76BF85947B8}.Debug|x86.Build.0 = Debug|Win32
		{86FA9FEA-308A-4DA8-8A3E-A76BF85947B8}.Release|x64.ActiveCfg = Release|x64
		{86FA9FEA-308A-4DA8-8A3E-A76BF85947B8}.Release|x64.Build.0 = Release|x64
		{86FA9FEA-308A-4DA8-8A3E-A76BF85947B8}.Release|x86.ActiveCfg = Release|Win32
		{86FA9FEA-308A-4DA8-8A3E-A76BF85947B8}.Release|x86.Build.0 = Release|Win32
	EndGlobalSection
	GlobalSection(SolutionProperties) = preSolution
		HideSolutionNode = FALSE
	EndGlobalSection
	GlobalSection(ExtensibilityGlobals) = postSolution
		SolutionGuid = {46C4EB58-A31D-444B-9113-D6FC28704706}
	EndGlobalSection
EndGlobal
